
Microsoft Visual Studio Solution File, Format Version 12.00
# Visual Studio Version 16
VisualStudioVersion = 16.0.32929.386
MinimumVisualStudioVersion = 10.0.40219.1
Project("{8BC9CEB8-8B4A-11D0-8D11-00A0C91BC942}") = "CS 405 M5", "CS 405 M5\CS 405 M5.vcxproj", "{8DABDC51-6910-4A04-8A14-E87E1B74772B}"
EndProject
Global
	GlobalSection(SolutionConfigurationPlatforms) = preSolution
		Debug|x64 = Debug|x64
		Debug|x86 = Debug|x86
		Release|x64 = Release|x64
		Release|x86 = Release|x86
	EndGlobalSection
	GlobalSection(ProjectConfigurationPlatforms) = postSolution
		{8DABDC51-6910-4A04-8A14-E87E1B74772B}.Debug|x64.ActiveCfg = Debug|x64
		{8DABDC51-6910-4A04-8A14-E87E1B74772B}.Debug|x64.Build.0 = Debug|x64
		{8DABDC51-6910-4A04-8A14-E87E1B74772B}.Debug|x86.ActiveCfg = Debug|Win32
		{8DABDC51-6910-4A04-8A14-E87E1B74772B}.Debug|x86.Build.0 = Debug|Win32
		{8DABDC51-6910-4A04-8A14-E87E1B74772B}.Release|x64.ActiveCfg = Release|x64
		{8DABDC51-6910-4A04-8A14-E87E1B74772B}.Release|x64.Build.0 = Release|x64
		{8DABDC51-6910-4A04-8A14-E87E1B74772B}.Release|x86.ActiveCfg = Release|Win32
		{8DABDC51-6910-4A04-8A14-E87E1B74772B}.Release|x86.Build.0 = Release|Win32
	EndGlobalSection
	GlobalSection(SolutionProperties) = preSolution
		HideSolutionNode = FALSE
	EndGlobalSection
	GlobalSection(ExtensibilityGlobals) = postSolution
		SolutionGuid = {319D3C89-D1EC-488D-9219-2A6552659716}
	EndGlobalSection
EndGlobal
